
Microsoft Visual Studio Solution File, Format Version 12.00
# Visual Studio Version 16
VisualStudioVersion = 16.0.31911.196
MinimumVisualStudioVersion = 10.0.40219.1
Project("{FAE04EC0-301F-11D3-BF4B-00C04F79EFBC}") = "Drive", "Drive\Drive.csproj", "{16F3B370-3722-46CF-8DAE-CC962C4A26A2}"
EndProject
Global
	GlobalSection(SolutionConfigurationPlatforms) = preSolution
		Debug|Any CPU = Debug|Any CPU
		Release|Any CPU = Release|Any CPU
	EndGlobalSection
	GlobalSection(ProjectConfigurationPlatforms) = postSolution
		{16F3B370-3722-46CF-8DAE-CC962C4A26A2}.Debug|Any CPU.ActiveCfg = Debug|Any CPU
		{16F3B370-3722-46CF-8DAE-CC962C4A26A2}.Debug|Any CPU.Build.0 = Debug|Any CPU
		{16F3B370-3722-46CF-8DAE-CC962C4A26A2}.Release|Any CPU.ActiveCfg = Release|Any CPU
		{16F3B370-3722-46CF-8DAE-CC962C4A26A2}.Release|Any CPU.Build.0 = Release|Any CPU
	EndGlobalSection
	GlobalSection(SolutionProperties) = preSolution
		HideSolutionNode = FALSE
	EndGlobalSection
	GlobalSection(ExtensibilityGlobals) = postSolution
		SolutionGuid = {3E9E211F-D058-49B4-957F-FAD92A279038}
	EndGlobalSection
EndGlobal
