
Microsoft Visual Studio Solution File, Format Version 12.00
# Visual Studio Version 16
VisualStudioVersion = 16.0.31911.196
MinimumVisualStudioVersion = 10.0.40219.1
Project("{FAE04EC0-301F-11D3-BF4B-00C04F79EFBC}") = "8_1_4", "8_1_4\8_1_4.csproj", "{24BF3F9D-0D44-4CE0-AAEB-FB6885A93302}"
EndProject
Global
	GlobalSection(SolutionConfigurationPlatforms) = preSolution
		Debug|Any CPU = Debug|Any CPU
		Release|Any CPU = Release|Any CPU
	EndGlobalSection
	GlobalSection(ProjectConfigurationPlatforms) = postSolution
		{24BF3F9D-0D44-4CE0-AAEB-FB6885A93302}.Debug|Any CPU.ActiveCfg = Debug|Any CPU
		{24BF3F9D-0D44-4CE0-AAEB-FB6885A93302}.Debug|Any CPU.Build.0 = Debug|Any CPU
		{24BF3F9D-0D44-4CE0-AAEB-FB6885A93302}.Release|Any CPU.ActiveCfg = Release|Any CPU
		{24BF3F9D-0D44-4CE0-AAEB-FB6885A93302}.Release|Any CPU.Build.0 = Release|Any CPU
	EndGlobalSection
	GlobalSection(SolutionProperties) = preSolution
		HideSolutionNode = FALSE
	EndGlobalSection
	GlobalSection(ExtensibilityGlobals) = postSolution
		SolutionGuid = {F217A825-0D5D-4AAA-8F90-3AF5A94AF6ED}
	EndGlobalSection
EndGlobal
